
Microsoft Visual Studio Solution File, Format Version 12.00
# Visual Studio Version 16
VisualStudioVersion = 16.0.30413.136
MinimumVisualStudioVersion = 10.0.40219.1
Project("{FAE04EC0-301F-11D3-BF4B-00C04F79EFBC}") = "Pogify-Streamer-Client.Core", "Pogify-Streamer-Client.Core\Pogify-Streamer-Client.Core.csproj", "{2A95E6DC-A014-443C-BF2E-BA5956409ADC}"
EndProject
Global
	GlobalSection(SolutionConfigurationPlatforms) = preSolution
		Debug|Any CPU = Debug|Any CPU
		Release|Any CPU = Release|Any CPU
	EndGlobalSection
	GlobalSection(ProjectConfigurationPlatforms) = postSolution
		{2A95E6DC-A014-443C-BF2E-BA5956409ADC}.Debug|Any CPU.ActiveCfg = Debug|Any CPU
		{2A95E6DC-A014-443C-BF2E-BA5956409ADC}.Debug|Any CPU.Build.0 = Debug|Any CPU
		{2A95E6DC-A014-443C-BF2E-BA5956409ADC}.Release|Any CPU.ActiveCfg = Release|Any CPU
		{2A95E6DC-A014-443C-BF2E-BA5956409ADC}.Release|Any CPU.Build.0 = Release|Any CPU
	EndGlobalSection
	GlobalSection(SolutionProperties) = preSolution
		HideSolutionNode = FALSE
	EndGlobalSection
	GlobalSection(ExtensibilityGlobals) = postSolution
		SolutionGuid = {B4FB0876-F0C0-479D-96DA-0A9830FF629A}
	EndGlobalSection
EndGlobal
